
Microsoft Visual Studio Solution File, Format Version 12.00
# Visual Studio Version 17
VisualStudioVersion = 17.2.32505.173
MinimumVisualStudioVersion = 10.0.40219.1
Project("{FAE04EC0-301F-11D3-BF4B-00C04F79EFBC}") = "SystemTester", "SystemTester\SystemTester.csproj", "{4356402A-5DA9-4835-B9F5-F67CDC0DEEDB}"
EndProject
Global
	GlobalSection(SolutionConfigurationPlatforms) = preSolution
		Debug|Any CPU = Debug|Any CPU
		Release|Any CPU = Release|Any CPU
	EndGlobalSection
	GlobalSection(ProjectConfigurationPlatforms) = postSolution
		{4356402A-5DA9-4835-B9F5-F67CDC0DEEDB}.Debug|Any CPU.ActiveCfg = Debug|Any CPU
		{4356402A-5DA9-4835-B9F5-F67CDC0DEEDB}.Debug|Any CPU.Build.0 = Debug|Any CPU
		{4356402A-5DA9-4835-B9F5-F67CDC0DEEDB}.Release|Any CPU.ActiveCfg = Release|Any CPU
		{4356402A-5DA9-4835-B9F5-F67CDC0DEEDB}.Release|Any CPU.Build.0 = Release|Any CPU
	EndGlobalSection
	GlobalSection(SolutionProperties) = preSolution
		HideSolutionNode = FALSE
	EndGlobalSection
	GlobalSection(ExtensibilityGlobals) = postSolution
		SolutionGuid = {7CAB3973-CC53-4B4C-947B-B5C058638988}
	EndGlobalSection
EndGlobal
